// !$*UTF8*$!
{
	archiveVersion = 1;
	classes = {
	};
	objectVersion = 56;
	objects = {

/* Begin PBXBuildFile section */
		D6F49CDA2C8C41CC00F1B388 /* AppleAlertApp.swift in Sources */ = {isa = PBXBuildFile; fileRef = D6F49CD92C8C41CC00F1B388 /* AppleAlertApp.swift */; };
		D6F49CDC2C8C41CC00F1B388 /* ContentView.swift in Sources */ = {isa = PBXBuildFile; fileRef = D6F49CDB2C8C41CC00F1B388 /* ContentView.swift */; };
		D6F49CDE2C8C41CE00F1B388 /* Assets.xcassets in Resources */ = {isa = PBXBuildFile; fileRef = D6F49CDD2C8C41CE00F1B388 /* Assets.xcassets */; };
		D6F49CE12C8C41CE00F1B388 /* Preview Assets.xcassets in Resources */ = {isa = PBXBuildFile; fileRef = D6F49CE02C8C41CE00F1B388 /* Preview Assets.xcassets */; };
		D6F49CEC2C8C469E00F1B388 /* AlertView.swift in Sources */ = {isa = PBXBuildFile; fileRef = D6F49CEB2C8C469E00F1B388 /* AlertView.swift */; };
		D6F49CEF2C8C4CAD00F1B388 /* AlertViewModel.swift in Sources */ = {isa = PBXBuildFile; fileRef = D6F49CEE2C8C4CAD00F1B388 /* AlertViewModel.swift */; };
		D6F49CF12C8C4CC000F1B388 /* Alert.swift in Sources */ = {isa = PBXBuildFile; fileRef = D6F49CF02C8C4CC000F1B388 /* Alert.swift */; };
/* End PBXBuildFile section */

/* Begin PBXFileReference section */
		D6F49CD62C8C41CC00F1B388 /* AppleAlert.app */ = {isa = PBXFileReference; explicitFileType = wrapper.application; includeInIndex = 0; path = AppleAlert.app; sourceTree = BUILT_PRODUCTS_DIR; };
		D6F49CD92C8C41CC00F1B388 /* AppleAlertApp.swift */ = {isa = PBXFileReference; lastKnownFileType = sourcecode.swift; path = AppleAlertApp.swift; sourceTree = "<group>"; };
		D6F49CDB2C8C41CC00F1B388 /* ContentView.swift */ = {isa = PBXFileReference; lastKnownFileType = sourcecode.swift; path = ContentView.swift; sourceTree = "<group>"; };
		D6F49CDD2C8C41CE00F1B388 /* Assets.xcassets */ = {isa = PBXFileReference; lastKnownFileType = folder.assetcatalog; path = Assets.xcassets; sourceTree = "<group>"; };
		D6F49CE02C8C41CE00F1B388 /* Preview Assets.xcassets */ = {isa = PBXFileReference; lastKnownFileType = folder.assetcatalog; path = "Preview Assets.xcassets"; sourceTree = "<group>"; };
		D6F49CEB2C8C469E00F1B388 /* AlertView.swift */ = {isa = PBXFileReference; lastKnownFileType = sourcecode.swift; path = AlertView.swift; sourceTree = "<group>"; };
		D6F49CEE2C8C4CAD00F1B388 /* AlertViewModel.swift */ = {isa = PBXFileReference; lastKnownFileType = sourcecode.swift; path = AlertViewModel.swift; sourceTree = "<group>"; };
		D6F49CF02C8C4CC000F1B388 /* Alert.swift */ = {isa = PBXFileReference; lastKnownFileType = sourcecode.swift; path = Alert.swift; sourceTree = "<group>"; };
/* End PBXFileReference section */

/* Begin PBXFrameworksBuildPhase section */
		D6F49CD32C8C41CC00F1B388 /* Frameworks */ = {
			isa = PBXFrameworksBuildPhase;
			buildActionMask = 2147483647;
			files = (
			);
			runOnlyForDeploymentPostprocessing = 0;
		};
/* End PBXFrameworksBuildPhase section */

/* Begin PBXGroup section */
		D6F49CCD2C8C41CC00F1B388 = {
			isa = PBXGroup;
			children = (
				D6F49CD82C8C41CC00F1B388 /* AppleAlert */,
				D6F49CD72C8C41CC00F1B388 /* Products */,
			);
			sourceTree = "<group>";
		};
		D6F49CD72C8C41CC00F1B388 /* Products */ = {
			isa = PBXGroup;
			children = (
				D6F49CD62C8C41CC00F1B388 /* AppleAlert.app */,
			);
			name = Products;
			sourceTree = "<group>";
		};
		D6F49CD82C8C41CC00F1B388 /* AppleAlert */ = {
			isa = PBXGroup;
			children = (
				D6F49CEA2C8C422200F1B388 /* Resource */,
				D6F49CE92C8C421400F1B388 /* Application */,
				D6F49CE82C8C420C00F1B388 /* Model */,
				D6F49CE72C8C420500F1B388 /* View */,
				D6F49CDF2C8C41CE00F1B388 /* Preview Content */,
			);
			path = AppleAlert;
			sourceTree = "<group>";
		};
		D6F49CDF2C8C41CE00F1B388 /* Preview Content */ = {
			isa = PBXGroup;
			children = (
				D6F49CE02C8C41CE00F1B388 /* Preview Assets.xcassets */,
			);
			path = "Preview Content";
			sourceTree = "<group>";
		};
		D6F49CE72C8C420500F1B388 /* View */ = {
			isa = PBXGroup;
			children = (
				D6F49CED2C8C4C9B00F1B388 /* Alert */,
			);
			path = View;
			sourceTree = "<group>";
		};
		D6F49CE82C8C420C00F1B388 /* Model */ = {
			isa = PBXGroup;
			children = (
				D6F49CF02C8C4CC000F1B388 /* Alert.swift */,
			);
			path = Model;
			sourceTree = "<group>";
		};
		D6F49CE92C8C421400F1B388 /* Application */ = {
			isa = PBXGroup;
			children = (
				D6F49CDB2C8C41CC00F1B388 /* ContentView.swift */,
				D6F49CD92C8C41CC00F1B388 /* AppleAlertApp.swift */,
			);
			path = Application;
			sourceTree = "<group>";
		};
		D6F49CEA2C8C422200F1B388 /* Resource */ = {
			isa = PBXGroup;
			children = (
				D6F49CDD2C8C41CE00F1B388 /* Assets.xcassets */,
			);
			path = Resource;
			sourceTree = "<group>";
		};
		D6F49CED2C8C4C9B00F1B388 /* Alert */ = {
			isa = PBXGroup;
			children = (
				D6F49CEB2C8C469E00F1B388 /* AlertView.swift */,
				D6F49CEE2C8C4CAD00F1B388 /* AlertViewModel.swift */,
			);
			path = Alert;
			sourceTree = "<group>";
		};
/* End PBXGroup section */

/* Begin PBXNativeTarget section */
		D6F49CD52C8C41CC00F1B388 /* AppleAlert */ = {
			isa = PBXNativeTarget;
			buildConfigurationList = D6F49CE42C8C41CE00F1B388 /* Build configuration list for PBXNativeTarget "AppleAlert" */;
			buildPhases = (
				D6F49CD22C8C41CC00F1B388 /* Sources */,
				D6F49CD32C8C41CC00F1B388 /* Frameworks */,
				D6F49CD42C8C41CC00F1B388 /* Resources */,
			);
			buildRules = (
			);
			dependencies = (
			);
			name = AppleAlert;
			productName = AppleAlert;
			productReference = D6F49CD62C8C41CC00F1B388 /* AppleAlert.app */;
			productType = "com.apple.product-type.application";
		};
/* End PBXNativeTarget section */

/* Begin PBXProject section */
		D6F49CCE2C8C41CC00F1B388 /* Project object */ = {
			isa = PBXProject;
			attributes = {
				BuildIndependentTargetsInParallel = 1;
				LastSwiftUpdateCheck = 1500;
				LastUpgradeCheck = 1500;
				TargetAttributes = {
					D6F49CD52C8C41CC00F1B388 = {
						CreatedOnToolsVersion = 15.0.1;
					};
				};
			};
			buildConfigurationList = D6F49CD12C8C41CC00F1B388 /* Build configuration list for PBXProject "AppleAlert" */;
			compatibilityVersion = "Xcode 14.0";
			developmentRegion = en;
			hasScannedForEncodings = 0;
			knownRegions = (
				en,
				Base,
			);
			mainGroup = D6F49CCD2C8C41CC00F1B388;
			productRefGroup = D6F49CD72C8C41CC00F1B388 /* Products */;
			projectDirPath = "";
			projectRoot = "";
			targets = (
				D6F49CD52C8C41CC00F1B388 /* AppleAlert */,
			);
		};
/* End PBXProject section */

/* Begin PBXResourcesBuildPhase section */
		D6F49CD42C8C41CC00F1B388 /* Resources */ = {
			isa = PBXResourcesBuildPhase;
			buildActionMask = 2147483647;
			files = (
				D6F49CE12C8C41CE00F1B388 /* Preview Assets.xcassets in Resources */,
				D6F49CDE2C8C41CE00F1B388 /* Assets.xcassets in Resources */,
			);
			runOnlyForDeploymentPostprocessing = 0;
		};
/* End PBXResourcesBuildPhase section */

/* Begin PBXSourcesBuildPhase section */
		D6F49CD22C8C41CC00F1B388 /* Sources */ = {
			isa = PBXSourcesBuildPhase;
			buildActionMask = 2147483647;
			files = (
				D6F49CDC2C8C41CC00F1B388 /* ContentView.swift in Sources */,
				D6F49CDA2C8C41CC00F1B388 /* AppleAlertApp.swift in Sources */,
				D6F49CEC2C8C469E00F1B388 /* AlertView.swift in Sources */,
				D6F49CF12C8C4CC000F1B388 /* Alert.swift in Sources */,
				D6F49CEF2C8C4CAD00F1B388 /* AlertViewModel.swift in Sources */,
			);
			runOnlyForDeploymentPostprocessing = 0;
		};
/* End PBXSourcesBuildPhase section */

/* Begin XCBuildConfiguration section */
		D6F49CE22C8C41CE00F1B388 /* Debug */ = {
			isa = XCBuildConfiguration;
			buildSettings = {
				ALWAYS_SEARCH_USER_PATHS = NO;
				ASSETCATALOG_COMPILER_GENERATE_SWIFT_ASSET_SYMBOL_EXTENSIONS = YES;
				CLANG_ANALYZER_NONNULL = YES;
				CLANG_ANALYZER_NUMBER_OBJECT_CONVERSION = YES_AGGRESSIVE;
				CLANG_CXX_LANGUAGE_STANDARD = "gnu++20";
				CLANG_ENABLE_MODULES = YES;
				CLANG_ENABLE_OBJC_ARC = YES;
				CLANG_ENABLE_OBJC_WEAK = YES;
				CLANG_WARN_BLOCK_CAPTURE_AUTORELEASING = YES;
				CLANG_WARN_BOOL_CONVERSION = YES;
				CLANG_WARN_COMMA = YES;
				CLANG_WARN_CONSTANT_CONVERSION = YES;
				CLANG_WARN_DEPRECATED_OBJC_IMPLEMENTATIONS = YES;
				CLANG_WARN_DIRECT_OBJC_ISA_USAGE = YES_ERROR;
				CLANG_WARN_DOCUMENTATION_COMMENTS = YES;
				CLANG_WARN_EMPTY_BODY = YES;
				CLANG_WARN_ENUM_CONVERSION = YES;
				CLANG_WARN_INFINITE_RECURSION = YES;
				CLANG_WARN_INT_CONVERSION = YES;
				CLANG_WARN_NON_LITERAL_NULL_CONVERSION = YES;
				CLANG_WARN_OBJC_IMPLICIT_RETAIN_SELF = YES;
				CLANG_WARN_OBJC_LITERAL_CONVERSION = YES;
				CLANG_WARN_OBJC_ROOT_CLASS = YES_ERROR;
				CLANG_WARN_QUOTED_INCLUDE_IN_FRAMEWORK_HEADER = YES;
				CLANG_WARN_RANGE_LOOP_ANALYSIS = YES;
				CLANG_WARN_STRICT_PROTOTYPES = YES;
				CLANG_WARN_SUSPICIOUS_MOVE = YES;
				CLANG_WARN_UNGUARDED_AVAILABILITY = YES_AGGRESSIVE;
				CLANG_WARN_UNREACHABLE_CODE = YES;
				CLANG_WARN__DUPLICATE_METHOD_MATCH = YES;
				COPY_PHASE_STRIP = NO;
				DEBUG_INFORMATION_FORMAT = dwarf;
				ENABLE_STRICT_OBJC_MSGSEND = YES;
				ENABLE_TESTABILITY = YES;
				ENABLE_USER_SCRIPT_SANDBOXING = YES;
				GCC_C_LANGUAGE_STANDARD = gnu17;
				GCC_DYNAMIC_NO_PIC = NO;
				GCC_NO_COMMON_BLOCKS = YES;
				GCC_OPTIMIZATION_LEVEL = 0;
				GCC_PREPROCESSOR_DEFINITIONS = (
					"DEBUG=1",
					"$(inherited)",
				);
				GCC_WARN_64_TO_32_BIT_CONVERSION = YES;
				GCC_WARN_ABOUT_RETURN_TYPE = YES_ERROR;
				GCC_WARN_UNDECLARED_SELECTOR = YES;
				GCC_WARN_UNINITIALIZED_AUTOS = YES_AGGRESSIVE;
				GCC_WARN_UNUSED_FUNCTION = YES;
				GCC_WARN_UNUSED_VARIABLE = YES;
				IPHONEOS_DEPLOYMENT_TARGET = 17.0;
				LOCALIZATION_PREFERS_STRING_CATALOGS = YES;
				MTL_ENABLE_DEBUG_INFO = INCLUDE_SOURCE;
				MTL_FAST_MATH = YES;
				ONLY_ACTIVE_ARCH = YES;
				SDKROOT = iphoneos;
				SWIFT_ACTIVE_COMPILATION_CONDITIONS = "DEBUG $(inherited)";
				SWIFT_OPTIMIZATION_LEVEL = "-Onone";
			};
			name = Debug;
		};
		D6F49CE32C8C41CE00F1B388 /* Release */ = {
			isa = XCBuildConfiguration;
			buildSettings = {
				ALWAYS_SEARCH_USER_PATHS = NO;
				ASSETCATALOG_COMPILER_GENERATE_SWIFT_ASSET_SYMBOL_EXTENSIONS = YES;
				CLANG_ANALYZER_NONNULL = YES;
				CLANG_ANALYZER_NUMBER_OBJECT_CONVERSION = YES_AGGRESSIVE;
				CLANG_CXX_LANGUAGE_STANDARD = "gnu++20";
				CLANG_ENABLE_MODULES = YES;
				CLANG_ENABLE_OBJC_ARC = YES;
				CLANG_ENABLE_OBJC_WEAK = YES;
				CLANG_WARN_BLOCK_CAPTURE_AUTORELEASING = YES;
				CLANG_WARN_BOOL_CONVERSION = YES;
				CLANG_WARN_COMMA = YES;
				CLANG_WARN_CONSTANT_CONVERSION = YES;
				CLANG_WARN_DEPRECATED_OBJC_IMPLEMENTATIONS = YES;
				CLANG_WARN_DIRECT_OBJC_ISA_USAGE = YES_ERROR;
				CLANG_WARN_DOCUMENTATION_COMMENTS = YES;
				CLANG_WARN_EMPTY_BODY = YES;
				CLANG_WARN_ENUM_CONVERSION = YES;
				CLANG_WARN_INFINITE_RECURSION = YES;
				CLANG_WARN_INT_CONVERSION = YES;
				CLANG_WARN_NON_LITERAL_NULL_CONVERSION = YES;
				CLANG_WARN_OBJC_IMPLICIT_RETAIN_SELF = YES;
				CLANG_WARN_OBJC_LITERAL_CONVERSION = YES;
				CLANG_WARN_OBJC_ROOT_CLASS = YES_ERROR;
				CLANG_WARN_QUOTED_INCLUDE_IN_FRAMEWORK_HEADER = YES;
				CLANG_WARN_RANGE_LOOP_ANALYSIS = YES;
				CLANG_WARN_STRICT_PROTOTYPES = YES;
				CLANG_WARN_SUSPICIOUS_MOVE = YES;
				CLANG_WARN_UNGUARDED_AVAILABILITY = YES_AGGRESSIVE;
				CLANG_WARN_UNREACHABLE_CODE = YES;
				CLANG_WARN__DUPLICATE_METHOD_MATCH = YES;
				COPY_PHASE_STRIP = NO;
				DEBUG_INFORMATION_FORMAT = "dwarf-with-dsym";
				ENABLE_NS_ASSERTIONS = NO;
				ENABLE_STRICT_OBJC_MSGSEND = YES;
				ENABLE_USER_SCRIPT_SANDBOXING = YES;
				GCC_C_LANGUAGE_STANDARD = gnu17;
				GCC_NO_COMMON_BLOCKS = YES;
				GCC_WARN_64_TO_32_BIT_CONVERSION = YES;
				GCC_WARN_ABOUT_RETURN_TYPE = YES_ERROR;
				GCC_WARN_UNDECLARED_SELECTOR = YES;
				GCC_WARN_UNINITIALIZED_AUTOS = YES_AGGRESSIVE;
				GCC_WARN_UNUSED_FUNCTION = YES;
				GCC_WARN_UNUSED_VARIABLE = YES;
				IPHONEOS_DEPLOYMENT_TARGET = 17.0;
				LOCALIZATION_PREFERS_STRING_CATALOGS = YES;
				MTL_ENABLE_DEBUG_INFO = NO;
				MTL_FAST_MATH = YES;
				SDKROOT = iphoneos;
				SWIFT_COMPILATION_MODE = wholemodule;
				VALIDATE_PRODUCT = YES;
			};
			name = Release;
		};
		D6F49CE52C8C41CE00F1B388 /* Debug */ = {
			isa = XCBuildConfiguration;
			buildSettings = {
				ASSETCATALOG_COMPILER_APPICON_NAME = AppIcon;
				ASSETCATALOG_COMPILER_GLOBAL_ACCENT_COLOR_NAME = AccentColor;
				CODE_SIGN_STYLE = Automatic;
				CURRENT_PROJECT_VERSION = 1;
				DEVELOPMENT_ASSET_PATHS = "\"AppleAlert/Preview Content\"";
				ENABLE_PREVIEWS = YES;
				GENERATE_INFOPLIST_FILE = YES;
				INFOPLIST_KEY_UIApplicationSceneManifest_Generation = YES;
				INFOPLIST_KEY_UIApplicationSupportsIndirectInputEvents = YES;
				INFOPLIST_KEY_UILaunchScreen_Generation = YES;
				INFOPLIST_KEY_UISupportedInterfaceOrientations_iPad = "UIInterfaceOrientationPortrait UIInterfaceOrientationPortraitUpsideDown UIInterfaceOrientationLandscapeLeft UIInterfaceOrientationLandscapeRight";
				INFOPLIST_KEY_UISupportedInterfaceOrientations_iPhone = "UIInterfaceOrientationPortrait UIInterfaceOrientationLandscapeLeft UIInterfaceOrientationLandscapeRight";
				LD_RUNPATH_SEARCH_PATHS = (
					"$(inherited)",
					"@executable_path/Frameworks",
				);
				MARKETING_VERSION = 1.0;
				PRODUCT_BUNDLE_IDENTIFIER = com.Kwak.AppleAlert;
				PRODUCT_NAME = "$(TARGET_NAME)";
				SWIFT_EMIT_LOC_STRINGS = YES;
				SWIFT_VERSION = 5.0;
				TARGETED_DEVICE_FAMILY = "1,2";
			};
			name = Debug;
		};
		D6F49CE62C8C41CE00F1B388 /* Release */ = {
			isa = XCBuildConfiguration;
			buildSettings = {
				ASSETCATALOG_COMPILER_APPICON_NAME = AppIcon;
				ASSETCATALOG_COMPILER_GLOBAL_ACCENT_COLOR_NAME = AccentColor;
				CODE_SIGN_STYLE = Automatic;
				CURRENT_PROJECT_VERSION = 1;
				DEVELOPMENT_ASSET_PATHS = "\"AppleAlert/Preview Content\"";
				ENABLE_PREVIEWS = YES;
				GENERATE_INFOPLIST_FILE = YES;
				INFOPLIST_KEY_UIApplicationSceneManifest_Generation = YES;
				INFOPLIST_KEY_UIApplicationSupportsIndirectInputEvents = YES;
				INFOPLIST_KEY_UILaunchScreen_Generation = YES;
				INFOPLIST_KEY_UISupportedInterfaceOrientations_iPad = "UIInterfaceOrientationPortrait UIInterfaceOrientationPortraitUpsideDown UIInterfaceOrientationLandscapeLeft UIInterfaceOrientationLandscapeRight";
				INFOPLIST_KEY_UISupportedInterfaceOrientations_iPhone = "UIInterfaceOrientationPortrait UIInterfaceOrientationLandscapeLeft UIInterfaceOrientationLandscapeRight";
				LD_RUNPATH_SEARCH_PATHS = (
					"$(inherited)",
					"@executable_path/Frameworks",
				);
				MARKETING_VERSION = 1.0;
				PRODUCT_BUNDLE_IDENTIFIER = com.Kwak.AppleAlert;
				PRODUCT_NAME = "$(TARGET_NAME)";
				SWIFT_EMIT_LOC_STRINGS = YES;
				SWIFT_VERSION = 5.0;
				TARGETED_DEVICE_FAMILY = "1,2";
			};
			name = Release;
		};
/* End XCBuildConfiguration section */

/* Begin XCConfigurationList section */
		D6F49CD12C8C41CC00F1B388 /* Build configuration list for PBXProject "AppleAlert" */ = {
			isa = XCConfigurationList;
			buildConfigurations = (
				D6F49CE22C8C41CE00F1B388 /* Debug */,
				D6F49CE32C8C41CE00F1B388 /* Release */,
			);
			defaultConfigurationIsVisible = 0;
			defaultConfigurationName = Release;
		};
		D6F49CE42C8C41CE00F1B388 /* Build configuration list for PBXNativeTarget "AppleAlert" */ = {
			isa = XCConfigurationList;
			buildConfigurations = (
				D6F49CE52C8C41CE00F1B388 /* Debug */,
				D6F49CE62C8C41CE00F1B388 /* Release */,
			);
			defaultConfigurationIsVisible = 0;
			defaultConfigurationName = Release;
		};
/* End XCConfigurationList section */
	};
	rootObject = D6F49CCE2C8C41CC00F1B388 /* Project object */;
}
